
Microsoft Visual Studio Solution File, Format Version 12.00
# Visual Studio Version 16
VisualStudioVersion = 16.0.31515.178
MinimumVisualStudioVersion = 10.0.40219.1
Project("{8BC9CEB8-8B4A-11D0-8D11-00A0C91BC942}") = "MeshLoader", "MeshLoader.vcxproj", "{482C9973-3550-4566-98F2-AFE559C383F7}"
EndProject
Global
	GlobalSection(SolutionConfigurationPlatforms) = preSolution
		Debug|x64 = Debug|x64
		Debug|x86 = Debug|x86
		Release|x64 = Release|x64
		Release|x86 = Release|x86
	EndGlobalSection
	GlobalSection(ProjectConfigurationPlatforms) = postSolution
		{482C9973-3550-4566-98F2-AFE559C383F7}.Debug|x64.ActiveCfg = Debug|x64
		{482C9973-3550-4566-98F2-AFE559C383F7}.Debug|x64.Build.0 = Debug|x64
		{482C9973-3550-4566-98F2-AFE559C383F7}.Debug|x86.ActiveCfg = Debug|Win32
		{482C9973-3550-4566-98F2-AFE559C383F7}.Debug|x86.Build.0 = Debug|Win32
		{482C9973-3550-4566-98F2-AFE559C383F7}.Release|x64.ActiveCfg = Release|x64
		{482C9973-3550-4566-98F2-AFE559C383F7}.Release|x64.Build.0 = Release|x64
		{482C9973-3550-4566-98F2-AFE559C383F7}.Release|x86.ActiveCfg = Release|Win32
		{482C9973-3550-4566-98F2-AFE559C383F7}.Release|x86.Build.0 = Release|Win32
	EndGlobalSection
	GlobalSection(SolutionProperties) = preSolution
		HideSolutionNode = FALSE
	EndGlobalSection
	GlobalSection(ExtensibilityGlobals) = postSolution
		SolutionGuid = {B446C7C2-307B-4695-BEF5-0A2D4AF4537B}
	EndGlobalSection
EndGlobal
